{
  "name": "todo-prf-idf-cda-ecf",
  "version": "1.0.0",
  "lockfileVersion": 3,
  "requires": true,
  "packages": {
    "": {
      "name": "todo-prf-idf-cda-ecf",
      "version": "1.0.0",
      "license": "ISC",
      "dependencies": {
        "todo-prf-idf-cda-ecf": "file:"
      }
    },
    "node_modules/todo-prf-idf-cda-ecf": {
      "resolved": "",
      "link": true
    }
  }
}
